github.com/ecc1/gpio v0.0.0-20171107174639-450ac9ea6df7 h1:87CukuBNR73j2KmipKlPkTLR1JaxTt0r9HXTDLUclD4=
github.com/ecc1/gpio v0.0.0-20171107174639-450ac9ea6df7/go.mod h1:LXSJyYdvUHvdCZFUJDqKHv0aRRXrTfZIVlYfBOslPmQ=
github.com/ecc1/radio v0.0.0-20200213193414-6cd91ea67e9a h1:k+jsQfJHgHArs7Dzz+ZGe/OoMvmPKX2igxgyB+Ovquo=
github.com/ecc1/radio v0.0.0-20200213193414-6cd91ea67e9a/go.mod h1:1kUXdsoM0moU6wGe7BtBlmJaSqU5L1EhdEo2/Tbetcg=
github.com/ecc1/radio v0.0.0-20200419171134-0864efbcd270 h1:6UfUduLumb8ImfyTLwckaXAf5mVZ3ZsHWwzxePd4/iI=
github.com/ecc1/radio v0.0.0-20200419171134-0864efbcd270/go.mod h1:F2/WLpt9jko2RixQDhG6zjk+NTxkpO1Zwg/sdkmwSvs=
github.com/ecc1/spi v0.0.0-20180427171038-91ea03fbebdc h1:7vkglXEJSsURr6+2kUWNIdyAs6BLiyWewT2Rd5RLwXU=
github.com/ecc1/spi v0.0.0-20180427171038-91ea03fbebdc/go.mod h1:kz7+r1POrhfd5sbfwAlxTgDF2rztHpp1pDKsCkdmXVg=
github.com/ecc1/spi v0.0.0-20200419165236-942b6408d3f6 h1:1LRSWNRed+sMmquyxvaqRF1H+1+r15IcnLqX0kHc7k4=
github.com/ecc1/spi v0.0.0-20200419165236-942b6408d3f6/go.mod h1:CkwtH+RWsm0GcBCmpi4jHsQjmRBnQejPEvxB95hjVDA=
golang.org/x/sys v0.0.0-20200212091648-12a6c2dcc1e4 h1:sfkvUWPNGwSV+8/fNqctR5lS2AqCSqYwXdrjCxp/dXo=
golang.org/x/sys v0.0.0-20200212091648-12a6c2dcc1e4/go.mod h1:h1NjWce9XRLGQEsW7wpKNCjG9DtNlClVuFLEZdDNbEs=
